github.com/gorilla/websocket v1.4.1 h1:q7AeDBpnBk8AogcD4DSag/Ukw/KV+YhzLj2bP5HvKCM=
github.com/gorilla/websocket v1.4.1/go.mod h1:YR8l580nyteQvAITg2hZ9XVh4b55+EU/adAjf1fMHhE=
github.com/kubatrt/goTrace v0.0.0-20200307231248-e8606c4f4ad1 h1:UwrEXRqjqn9CB3YCJXqZPb2knLehKeiMURmfCW9kzaQ=
github.com/kubatrt/goTrace v0.0.0-20200307231248-e8606c4f4ad1/go.mod h1:Y/U1QDGR/jAPexQjLFxJICW9CQub+b7LntTZqGQ0hQc=
